
Microsoft Visual Studio Solution File, Format Version 12.00
# Visual Studio Version 17
VisualStudioVersion = 17.0.31903.59
MinimumVisualStudioVersion = 10.0.40219.1
Project("{9A19103F-16F7-4668-BE54-9A1E7A4F7556}") = "Week8AccademMaster.ConsoleApp", "Week8AccademMaster.ConsoleApp\Week8AccademMaster.ConsoleApp.csproj", "{1CCDBD33-98A3-4B6B-8245-E48A3DFE27E4}"
EndProject
Project("{9A19103F-16F7-4668-BE54-9A1E7A4F7556}") = "Week8AccademMaster.Core", "Week8AccademMaster.Core\Week8AccademMaster.Core.csproj", "{ED155D0A-E45A-4309-AA93-655B586A796F}"
EndProject
Project("{9A19103F-16F7-4668-BE54-9A1E7A4F7556}") = "Week8AccademMaster.RepositoryMock", "Week8AccademMaster.RepositoryMock\Week8AccademMaster.RepositoryMock.csproj", "{157E3DEE-4FDA-445C-B249-C5EC27AFCF8C}"
EndProject
Project("{FAE04EC0-301F-11D3-BF4B-00C04F79EFBC}") = "Week8AccademMaster.RepositoryEF", "Week8AccademMaster.RepositoryEF\Week8AccademMaster.RepositoryEF.csproj", "{83C36340-2263-4297-8CDE-7CA6A42D86A7}"
EndProject
Global
	GlobalSection(SolutionConfigurationPlatforms) = preSolution
		Debug|Any CPU = Debug|Any CPU
		Release|Any CPU = Release|Any CPU
	EndGlobalSection
	GlobalSection(ProjectConfigurationPlatforms) = postSolution
		{1CCDBD33-98A3-4B6B-8245-E48A3DFE27E4}.Debug|Any CPU.ActiveCfg = Debug|Any CPU
		{1CCDBD33-98A3-4B6B-8245-E48A3DFE27E4}.Debug|Any CPU.Build.0 = Debug|Any CPU
		{1CCDBD33-98A3-4B6B-8245-E48A3DFE27E4}.Release|Any CPU.ActiveCfg = Release|Any CPU
		{1CCDBD33-98A3-4B6B-8245-E48A3DFE27E4}.Release|Any CPU.Build.0 = Release|Any CPU
		{ED155D0A-E45A-4309-AA93-655B586A796F}.Debug|Any CPU.ActiveCfg = Debug|Any CPU
		{ED155D0A-E45A-4309-AA93-655B586A796F}.Debug|Any CPU.Build.0 = Debug|Any CPU
		{ED155D0A-E45A-4309-AA93-655B586A796F}.Release|Any CPU.ActiveCfg = Release|Any CPU
		{ED155D0A-E45A-4309-AA93-655B586A796F}.Release|Any CPU.Build.0 = Release|Any CPU
		{157E3DEE-4FDA-445C-B249-C5EC27AFCF8C}.Debug|Any CPU.ActiveCfg = Debug|Any CPU
		{157E3DEE-4FDA-445C-B249-C5EC27AFCF8C}.Debug|Any CPU.Build.0 = Debug|Any CPU
		{157E3DEE-4FDA-445C-B249-C5EC27AFCF8C}.Release|Any CPU.ActiveCfg = Release|Any CPU
		{157E3DEE-4FDA-445C-B249-C5EC27AFCF8C}.Release|Any CPU.Build.0 = Release|Any CPU
		{83C36340-2263-4297-8CDE-7CA6A42D86A7}.Debug|Any CPU.ActiveCfg = Debug|Any CPU
		{83C36340-2263-4297-8CDE-7CA6A42D86A7}.Debug|Any CPU.Build.0 = Debug|Any CPU
		{83C36340-2263-4297-8CDE-7CA6A42D86A7}.Release|Any CPU.ActiveCfg = Release|Any CPU
		{83C36340-2263-4297-8CDE-7CA6A42D86A7}.Release|Any CPU.Build.0 = Release|Any CPU
	EndGlobalSection
	GlobalSection(SolutionProperties) = preSolution
		HideSolutionNode = FALSE
	EndGlobalSection
	GlobalSection(ExtensibilityGlobals) = postSolution
		SolutionGuid = {0B7E09E1-78A2-4808-BC3F-B7A0DE53231A}
	EndGlobalSection
EndGlobal
